
Microsoft Visual Studio Solution File, Format Version 12.00
# Visual Studio 15
VisualStudioVersion = 15.0.28010.2048
MinimumVisualStudioVersion = 10.0.40219.1
Project("{888888A0-9F3D-457C-B088-3A5042F75D52}") = "mnist-base", "mnist\mnist-base.pyproj", "{BFBB0224-4972-4F48-90D1-17C62E3D52D1}"
EndProject
Global
	GlobalSection(SolutionConfigurationPlatforms) = preSolution
		Debug|Any CPU = Debug|Any CPU
		Release|Any CPU = Release|Any CPU
	EndGlobalSection
	GlobalSection(ProjectConfigurationPlatforms) = postSolution
		{BFBB0224-4972-4F48-90D1-17C62E3D52D1}.Debug|Any CPU.ActiveCfg = Debug|Any CPU
		{BFBB0224-4972-4F48-90D1-17C62E3D52D1}.Release|Any CPU.ActiveCfg = Release|Any CPU
	EndGlobalSection
	GlobalSection(SolutionProperties) = preSolution
		HideSolutionNode = FALSE
	EndGlobalSection
	GlobalSection(ExtensibilityGlobals) = postSolution
		SolutionGuid = {4BF34640-041A-492B-A15A-2F9157440980}
	EndGlobalSection
EndGlobal
